
Microsoft Visual Studio Solution File, Format Version 12.00
# Visual Studio Version 16
VisualStudioVersion = 16.0.30907.101
MinimumVisualStudioVersion = 10.0.40219.1
Project("{FAE04EC0-301F-11D3-BF4B-00C04F79EFBC}") = "test", "test\test.csproj", "{977DA98D-5263-4F7C-97F8-FCDE496AAE25}"
EndProject
Global
	GlobalSection(SolutionConfigurationPlatforms) = preSolution
		Debug|Any CPU = Debug|Any CPU
		Release|Any CPU = Release|Any CPU
	EndGlobalSection
	GlobalSection(ProjectConfigurationPlatforms) = postSolution
		{977DA98D-5263-4F7C-97F8-FCDE496AAE25}.Debug|Any CPU.ActiveCfg = Debug|Any CPU
		{977DA98D-5263-4F7C-97F8-FCDE496AAE25}.Debug|Any CPU.Build.0 = Debug|Any CPU
		{977DA98D-5263-4F7C-97F8-FCDE496AAE25}.Release|Any CPU.ActiveCfg = Release|Any CPU
		{977DA98D-5263-4F7C-97F8-FCDE496AAE25}.Release|Any CPU.Build.0 = Release|Any CPU
	EndGlobalSection
	GlobalSection(SolutionProperties) = preSolution
		HideSolutionNode = FALSE
	EndGlobalSection
	GlobalSection(ExtensibilityGlobals) = postSolution
		SolutionGuid = {ADDCA56B-06DC-4BF7-834F-F634B0E57D7B}
	EndGlobalSection
EndGlobal
